
Microsoft Visual Studio Solution File, Format Version 12.00
# Visual Studio Version 17
VisualStudioVersion = 17.4.33205.214
MinimumVisualStudioVersion = 10.0.40219.1
Project("{FAE04EC0-301F-11D3-BF4B-00C04F79EFBC}") = "GitTest2", "GitTest2\GitTest2.csproj", "{873CA2CA-FBC1-442D-A9FC-0F3AF8241626}"
EndProject
Global
	GlobalSection(SolutionConfigurationPlatforms) = preSolution
		Debug|Any CPU = Debug|Any CPU
		Release|Any CPU = Release|Any CPU
	EndGlobalSection
	GlobalSection(ProjectConfigurationPlatforms) = postSolution
		{873CA2CA-FBC1-442D-A9FC-0F3AF8241626}.Debug|Any CPU.ActiveCfg = Debug|Any CPU
		{873CA2CA-FBC1-442D-A9FC-0F3AF8241626}.Debug|Any CPU.Build.0 = Debug|Any CPU
		{873CA2CA-FBC1-442D-A9FC-0F3AF8241626}.Release|Any CPU.ActiveCfg = Release|Any CPU
		{873CA2CA-FBC1-442D-A9FC-0F3AF8241626}.Release|Any CPU.Build.0 = Release|Any CPU
	EndGlobalSection
	GlobalSection(SolutionProperties) = preSolution
		HideSolutionNode = FALSE
	EndGlobalSection
	GlobalSection(ExtensibilityGlobals) = postSolution
		SolutionGuid = {ADE71165-802D-4787-807D-7342EC6AD734}
	EndGlobalSection
EndGlobal
